
Microsoft Visual Studio Solution File, Format Version 12.00
# Visual Studio Version 17
VisualStudioVersion = 17.10.35027.167
MinimumVisualStudioVersion = 10.0.40219.1
Project("{FAE04EC0-301F-11D3-BF4B-00C04F79EFBC}") = "LeaderboardApp", "LeaderboardApp\LeaderboardApp.csproj", "{5C7C47AB-92A5-44DF-BE10-5D4A49BE3EA4}"
EndProject
Project("{E53339B2-1760-4266-BCC7-CA923CBCF16C}") = "docker-compose", "docker-compose.dcproj", "{BC7275CA-F807-4A0E-A753-E363FEFAB1CE}"
EndProject
Global
	GlobalSection(SolutionConfigurationPlatforms) = preSolution
		Debug|Any CPU = Debug|Any CPU
		Release|Any CPU = Release|Any CPU
	EndGlobalSection
	GlobalSection(ProjectConfigurationPlatforms) = postSolution
		{5C7C47AB-92A5-44DF-BE10-5D4A49BE3EA4}.Debug|Any CPU.ActiveCfg = Debug|Any CPU
		{5C7C47AB-92A5-44DF-BE10-5D4A49BE3EA4}.Debug|Any CPU.Build.0 = Debug|Any CPU
		{5C7C47AB-92A5-44DF-BE10-5D4A49BE3EA4}.Release|Any CPU.ActiveCfg = Release|Any CPU
		{5C7C47AB-92A5-44DF-BE10-5D4A49BE3EA4}.Release|Any CPU.Build.0 = Release|Any CPU
		{BC7275CA-F807-4A0E-A753-E363FEFAB1CE}.Debug|Any CPU.ActiveCfg = Debug|Any CPU
		{BC7275CA-F807-4A0E-A753-E363FEFAB1CE}.Debug|Any CPU.Build.0 = Debug|Any CPU
		{BC7275CA-F807-4A0E-A753-E363FEFAB1CE}.Release|Any CPU.ActiveCfg = Release|Any CPU
		{BC7275CA-F807-4A0E-A753-E363FEFAB1CE}.Release|Any CPU.Build.0 = Release|Any CPU
	EndGlobalSection
	GlobalSection(SolutionProperties) = preSolution
		HideSolutionNode = FALSE
	EndGlobalSection
	GlobalSection(ExtensibilityGlobals) = postSolution
		SolutionGuid = {6C08DDC2-4393-47C9-8E78-993A711860F2}
	EndGlobalSection
EndGlobal
